
Microsoft Visual Studio Solution File, Format Version 12.00
# Visual Studio 15
VisualStudioVersion = 15.0.28307.489
MinimumVisualStudioVersion = 10.0.40219.1
Project("{888888A0-9F3D-457C-B088-3A5042F75D52}") = "eksploracja_danych", "eksploracja_danych\eksploracja_danych.pyproj", "{65F191A1-15C4-4320-BB12-2958596FF86B}"
EndProject
Global
	GlobalSection(SolutionConfigurationPlatforms) = preSolution
		Debug|Any CPU = Debug|Any CPU
		Release|Any CPU = Release|Any CPU
	EndGlobalSection
	GlobalSection(ProjectConfigurationPlatforms) = postSolution
		{65F191A1-15C4-4320-BB12-2958596FF86B}.Debug|Any CPU.ActiveCfg = Debug|Any CPU
		{65F191A1-15C4-4320-BB12-2958596FF86B}.Release|Any CPU.ActiveCfg = Release|Any CPU
	EndGlobalSection
	GlobalSection(SolutionProperties) = preSolution
		HideSolutionNode = FALSE
	EndGlobalSection
	GlobalSection(ExtensibilityGlobals) = postSolution
		SolutionGuid = {8B852FA2-2C39-4464-A5E7-55AF559EAABE}
	EndGlobalSection
EndGlobal
